# This file is automatically @generated by Cargo.
# It is not intended for manual editing.
version = 4

[[package]]
name = "mtl-foundation"
version = "1.0.1"
dependencies = [
 "mtl-sys",
]

[[package]]
name = "mtl-fx"
version = "1.0.1"
dependencies = [
 "mtl-foundation",
 "mtl-gpu",
 "mtl-sys",
]

[[package]]
name = "mtl-gpu"
version = "1.0.1"
dependencies = [
 "mtl-foundation",
 "mtl-sys",
]

[[package]]
name = "mtl-quartz-core"
version = "1.0.1"
dependencies = [
 "mtl-foundation",
 "mtl-gpu",
 "mtl-sys",
]

[[package]]
name = "mtl-sys"
version = "1.0.1"
