# This file is automatically @generated by Cargo.
# It is not intended for manual editing.
version = 4

[[package]]
name = "mtl"
version = "1.0.0"
dependencies = [
 "mtl-foundation",
 "mtl-sys",
]

[[package]]
name = "mtl-foundation"
version = "1.0.0"
dependencies = [
 "mtl-sys",
]

[[package]]
name = "mtl-fx"
version = "1.0.0"
dependencies = [
 "mtl",
 "mtl-foundation",
 "mtl-sys",
]

[[package]]
name = "mtl-quartz-core"
version = "1.0.0"
dependencies = [
 "mtl",
 "mtl-foundation",
 "mtl-sys",
]

[[package]]
name = "mtl-sys"
version = "1.0.0"
