# This file is automatically @generated by Cargo.
# It is not intended for manual editing.
version = 4

[[package]]
name = "metal"
version = "0.1.0"
dependencies = [
 "metal-foundation",
 "metal-sys",
]

[[package]]
name = "metal-foundation"
version = "0.1.0"
dependencies = [
 "metal-sys",
]

[[package]]
name = "metal-fx"
version = "0.1.0"
dependencies = [
 "metal",
 "metal-foundation",
 "metal-sys",
]

[[package]]
name = "metal-sys"
version = "0.1.0"

[[package]]
name = "quartz-core"
version = "0.1.0"
dependencies = [
 "metal",
 "metal-foundation",
 "metal-sys",
]
